
Microsoft Visual Studio Solution File, Format Version 12.00
# Visual Studio Version 17
VisualStudioVersion = 17.9.34723.18
MinimumVisualStudioVersion = 10.0.40219.1
Project("{FAE04EC0-301F-11D3-BF4B-00C04F79EFBC}") = "QueueAPI", "QueueAPI\QueueAPI.csproj", "{8947BF3A-0BF3-40FD-A7C2-DA8FB09EF57E}"
EndProject
Global
	GlobalSection(SolutionConfigurationPlatforms) = preSolution
		Debug|Any CPU = Debug|Any CPU
		Release|Any CPU = Release|Any CPU
	EndGlobalSection
	GlobalSection(ProjectConfigurationPlatforms) = postSolution
		{8947BF3A-0BF3-40FD-A7C2-DA8FB09EF57E}.Debug|Any CPU.ActiveCfg = Debug|Any CPU
		{8947BF3A-0BF3-40FD-A7C2-DA8FB09EF57E}.Debug|Any CPU.Build.0 = Debug|Any CPU
		{8947BF3A-0BF3-40FD-A7C2-DA8FB09EF57E}.Release|Any CPU.ActiveCfg = Release|Any CPU
		{8947BF3A-0BF3-40FD-A7C2-DA8FB09EF57E}.Release|Any CPU.Build.0 = Release|Any CPU
	EndGlobalSection
	GlobalSection(SolutionProperties) = preSolution
		HideSolutionNode = FALSE
	EndGlobalSection
	GlobalSection(ExtensibilityGlobals) = postSolution
		SolutionGuid = {5899D6BA-6BC8-4FEF-BC43-391A2F9D1007}
	EndGlobalSection
EndGlobal
